
Microsoft Visual Studio Solution File, Format Version 12.00
# Visual Studio 14
VisualStudioVersion = 14.0.25123.0
MinimumVisualStudioVersion = 10.0.40219.1
Project("{FAE04EC0-301F-11D3-BF4B-00C04F79EFBC}") = "examprep_70-486_ch2.3-2.5", "examprep_70-486\examprep_70-486_ch2.3-2.5.csproj", "{78038E0B-C789-488F-9B30-F1D0B2327517}"
EndProject
Global
	GlobalSection(SolutionConfigurationPlatforms) = preSolution
		Debug|Any CPU = Debug|Any CPU
		Release|Any CPU = Release|Any CPU
	EndGlobalSection
	GlobalSection(ProjectConfigurationPlatforms) = postSolution
		{78038E0B-C789-488F-9B30-F1D0B2327517}.Debug|Any CPU.ActiveCfg = Debug|Any CPU
		{78038E0B-C789-488F-9B30-F1D0B2327517}.Debug|Any CPU.Build.0 = Debug|Any CPU
		{78038E0B-C789-488F-9B30-F1D0B2327517}.Release|Any CPU.ActiveCfg = Release|Any CPU
		{78038E0B-C789-488F-9B30-F1D0B2327517}.Release|Any CPU.Build.0 = Release|Any CPU
	EndGlobalSection
	GlobalSection(SolutionProperties) = preSolution
		HideSolutionNode = FALSE
	EndGlobalSection
EndGlobal
